
Microsoft Visual Studio Solution File, Format Version 12.00
# Visual Studio Version 17
VisualStudioVersion = 17.13.35828.75
MinimumVisualStudioVersion = 10.0.40219.1
Project("{FAE04EC0-301F-11D3-BF4B-00C04F79EFBC}") = "TrackerLibrary", "TrackerLibrary\TrackerLibrary.csproj", "{7BA583ED-2094-4545-9067-91879F6EEEBE}"
EndProject
Project("{FAE04EC0-301F-11D3-BF4B-00C04F79EFBC}") = "TrackerUI", "TrackerUI\TrackerUI.csproj", "{5D6696E9-085F-41BB-80D7-2C6692CA1450}"
EndProject
Global
	GlobalSection(SolutionConfigurationPlatforms) = preSolution
		Debug|Any CPU = Debug|Any CPU
		Release|Any CPU = Release|Any CPU
	EndGlobalSection
	GlobalSection(ProjectConfigurationPlatforms) = postSolution
		{7BA583ED-2094-4545-9067-91879F6EEEBE}.Debug|Any CPU.ActiveCfg = Debug|Any CPU
		{7BA583ED-2094-4545-9067-91879F6EEEBE}.Debug|Any CPU.Build.0 = Debug|Any CPU
		{7BA583ED-2094-4545-9067-91879F6EEEBE}.Release|Any CPU.ActiveCfg = Release|Any CPU
		{7BA583ED-2094-4545-9067-91879F6EEEBE}.Release|Any CPU.Build.0 = Release|Any CPU
		{5D6696E9-085F-41BB-80D7-2C6692CA1450}.Debug|Any CPU.ActiveCfg = Debug|Any CPU
		{5D6696E9-085F-41BB-80D7-2C6692CA1450}.Debug|Any CPU.Build.0 = Debug|Any CPU
		{5D6696E9-085F-41BB-80D7-2C6692CA1450}.Release|Any CPU.ActiveCfg = Release|Any CPU
		{5D6696E9-085F-41BB-80D7-2C6692CA1450}.Release|Any CPU.Build.0 = Release|Any CPU
	EndGlobalSection
	GlobalSection(SolutionProperties) = preSolution
		HideSolutionNode = FALSE
	EndGlobalSection
	GlobalSection(ExtensibilityGlobals) = postSolution
		SolutionGuid = {208DF1B0-B509-444E-AEE8-26A516013307}
	EndGlobalSection
EndGlobal
